
Microsoft Visual Studio Solution File, Format Version 12.00
# Visual Studio Version 17
VisualStudioVersion = 17.14.37012.4 d17.14
MinimumVisualStudioVersion = 10.0.40219.1
Project("{FAE04EC0-301F-11D3-BF4B-00C04F79EFBC}") = "Sistema de Gestión de Citas Médicas", "Sistema de Gestión de Citas Médicas.csproj", "{F3E09779-4A5F-4BCD-941B-3CF9E417A05C}"
EndProject
Global
	GlobalSection(SolutionConfigurationPlatforms) = preSolution
		Debug|Any CPU = Debug|Any CPU
		Release|Any CPU = Release|Any CPU
	EndGlobalSection
	GlobalSection(ProjectConfigurationPlatforms) = postSolution
		{F3E09779-4A5F-4BCD-941B-3CF9E417A05C}.Debug|Any CPU.ActiveCfg = Debug|Any CPU
		{F3E09779-4A5F-4BCD-941B-3CF9E417A05C}.Debug|Any CPU.Build.0 = Debug|Any CPU
		{F3E09779-4A5F-4BCD-941B-3CF9E417A05C}.Release|Any CPU.ActiveCfg = Release|Any CPU
		{F3E09779-4A5F-4BCD-941B-3CF9E417A05C}.Release|Any CPU.Build.0 = Release|Any CPU
	EndGlobalSection
	GlobalSection(SolutionProperties) = preSolution
		HideSolutionNode = FALSE
	EndGlobalSection
	GlobalSection(ExtensibilityGlobals) = postSolution
		SolutionGuid = {AF409FB7-38A0-4AF0-94C4-14595FA6EBDB}
	EndGlobalSection
EndGlobal
